// !$*UTF8*$!
{
	archiveVersion = 1;
	classes = {
	};
	objectVersion = 56;
	objects = {

/* Begin PBXBuildFile section */
		EE574F022BB98D18000F2D40 /* E_TicaretHomeApp.swift in Sources */ = {isa = PBXBuildFile; fileRef = EE574F012BB98D18000F2D40 /* E_TicaretHomeApp.swift */; };
		EE574F042BB98D18000F2D40 /* ContentView.swift in Sources */ = {isa = PBXBuildFile; fileRef = EE574F032BB98D18000F2D40 /* ContentView.swift */; };
		EE574F062BB98D19000F2D40 /* Assets.xcassets in Resources */ = {isa = PBXBuildFile; fileRef = EE574F052BB98D19000F2D40 /* Assets.xcassets */; };
		EE574F092BB98D19000F2D40 /* Preview Assets.xcassets in Resources */ = {isa = PBXBuildFile; fileRef = EE574F082BB98D19000F2D40 /* Preview Assets.xcassets */; };
		EE574F132BB98D19000F2D40 /* E_TicaretHomeTests.swift in Sources */ = {isa = PBXBuildFile; fileRef = EE574F122BB98D19000F2D40 /* E_TicaretHomeTests.swift */; };
		EE574F1D2BB98D19000F2D40 /* E_TicaretHomeUITests.swift in Sources */ = {isa = PBXBuildFile; fileRef = EE574F1C2BB98D19000F2D40 /* E_TicaretHomeUITests.swift */; };
		EE574F1F2BB98D19000F2D40 /* E_TicaretHomeUITestsLaunchTests.swift in Sources */ = {isa = PBXBuildFile; fileRef = EE574F1E2BB98D19000F2D40 /* E_TicaretHomeUITestsLaunchTests.swift */; };
/* End PBXBuildFile section */

/* Begin PBXContainerItemProxy section */
		EE574F0F2BB98D19000F2D40 /* PBXContainerItemProxy */ = {
			isa = PBXContainerItemProxy;
			containerPortal = EE574EF62BB98D18000F2D40 /* Project object */;
			proxyType = 1;
			remoteGlobalIDString = EE574EFD2BB98D18000F2D40;
			remoteInfo = "E-TicaretHome";
		};
		EE574F192BB98D19000F2D40 /* PBXContainerItemProxy */ = {
			isa = PBXContainerItemProxy;
			containerPortal = EE574EF62BB98D18000F2D40 /* Project object */;
			proxyType = 1;
			remoteGlobalIDString = EE574EFD2BB98D18000F2D40;
			remoteInfo = "E-TicaretHome";
		};
/* End PBXContainerItemProxy section */

/* Begin PBXFileReference section */
		EE574EFE2BB98D18000F2D40 /* E-TicaretHome.app */ = {isa = PBXFileReference; explicitFileType = wrapper.application; includeInIndex = 0; path = "E-TicaretHome.app"; sourceTree = BUILT_PRODUCTS_DIR; };
		EE574F012BB98D18000F2D40 /* E_TicaretHomeApp.swift */ = {isa = PBXFileReference; lastKnownFileType = sourcecode.swift; path = E_TicaretHomeApp.swift; sourceTree = "<group>"; };
		EE574F032BB98D18000F2D40 /* ContentView.swift */ = {isa = PBXFileReference; lastKnownFileType = sourcecode.swift; path = ContentView.swift; sourceTree = "<group>"; };
		EE574F052BB98D19000F2D40 /* Assets.xcassets */ = {isa = PBXFileReference; lastKnownFileType = folder.assetcatalog; path = Assets.xcassets; sourceTree = "<group>"; };
		EE574F082BB98D19000F2D40 /* Preview Assets.xcassets */ = {isa = PBXFileReference; lastKnownFileType = folder.assetcatalog; path = "Preview Assets.xcassets"; sourceTree = "<group>"; };
		EE574F0E2BB98D19000F2D40 /* E-TicaretHomeTests.xctest */ = {isa = PBXFileReference; explicitFileType = wrapper.cfbundle; includeInIndex = 0; path = "E-TicaretHomeTests.xctest"; sourceTree = BUILT_PRODUCTS_DIR; };
		EE574F122BB98D19000F2D40 /* E_TicaretHomeTests.swift */ = {isa = PBXFileReference; lastKnownFileType = sourcecode.swift; path = E_TicaretHomeTests.swift; sourceTree = "<group>"; };
		EE574F182BB98D19000F2D40 /* E-TicaretHomeUITests.xctest */ = {isa = PBXFileReference; explicitFileType = wrapper.cfbundle; includeInIndex = 0; path = "E-TicaretHomeUITests.xctest"; sourceTree = BUILT_PRODUCTS_DIR; };
		EE574F1C2BB98D19000F2D40 /* E_TicaretHomeUITests.swift */ = {isa = PBXFileReference; lastKnownFileType = sourcecode.swift; path = E_TicaretHomeUITests.swift; sourceTree = "<group>"; };
		EE574F1E2BB98D19000F2D40 /* E_TicaretHomeUITestsLaunchTests.swift */ = {isa = PBXFileReference; lastKnownFileType = sourcecode.swift; path = E_TicaretHomeUITestsLaunchTests.swift; sourceTree = "<group>"; };
/* End PBXFileReference section */

/* Begin PBXFrameworksBuildPhase section */
		EE574EFB2BB98D18000F2D40 /* Frameworks */ = {
			isa = PBXFrameworksBuildPhase;
			buildActionMask = 2147483647;
			files = (
			);
			runOnlyForDeploymentPostprocessing = 0;
		};
		EE574F0B2BB98D19000F2D40 /* Frameworks */ = {
			isa = PBXFrameworksBuildPhase;
			buildActionMask = 2147483647;
			files = (
			);
			runOnlyForDeploymentPostprocessing = 0;
		};
		EE574F152BB98D19000F2D40 /* Frameworks */ = {
			isa = PBXFrameworksBuildPhase;
			buildActionMask = 2147483647;
			files = (
			);
			runOnlyForDeploymentPostprocessing = 0;
		};
/* End PBXFrameworksBuildPhase section */

/* Begin PBXGroup section */
		EE574EF52BB98D18000F2D40 = {
			isa = PBXGroup;
			children = (
				EE574F002BB98D18000F2D40 /* E-TicaretHome */,
				EE574F112BB98D19000F2D40 /* E-TicaretHomeTests */,
				EE574F1B2BB98D19000F2D40 /* E-TicaretHomeUITests */,
				EE574EFF2BB98D18000F2D40 /* Products */,
			);
			sourceTree = "<group>";
		};
		EE574EFF2BB98D18000F2D40 /* Products */ = {
			isa = PBXGroup;
			children = (
				EE574EFE2BB98D18000F2D40 /* E-TicaretHome.app */,
				EE574F0E2BB98D19000F2D40 /* E-TicaretHomeTests.xctest */,
				EE574F182BB98D19000F2D40 /* E-TicaretHomeUITests.xctest */,
			);
			name = Products;
			sourceTree = "<group>";
		};
		EE574F002BB98D18000F2D40 /* E-TicaretHome */ = {
			isa = PBXGroup;
			children = (
				EE574F012BB98D18000F2D40 /* E_TicaretHomeApp.swift */,
				EE574F032BB98D18000F2D40 /* ContentView.swift */,
				EE574F052BB98D19000F2D40 /* Assets.xcassets */,
				EE574F072BB98D19000F2D40 /* Preview Content */,
			);
			path = "E-TicaretHome";
			sourceTree = "<group>";
		};
		EE574F072BB98D19000F2D40 /* Preview Content */ = {
			isa = PBXGroup;
			children = (
				EE574F082BB98D19000F2D40 /* Preview Assets.xcassets */,
			);
			path = "Preview Content";
			sourceTree = "<group>";
		};
		EE574F112BB98D19000F2D40 /* E-TicaretHomeTests */ = {
			isa = PBXGroup;
			children = (
				EE574F122BB98D19000F2D40 /* E_TicaretHomeTests.swift */,
			);
			path = "E-TicaretHomeTests";
			sourceTree = "<group>";
		};
		EE574F1B2BB98D19000F2D40 /* E-TicaretHomeUITests */ = {
			isa = PBXGroup;
			children = (
				EE574F1C2BB98D19000F2D40 /* E_TicaretHomeUITests.swift */,
				EE574F1E2BB98D19000F2D40 /* E_TicaretHomeUITestsLaunchTests.swift */,
			);
			path = "E-TicaretHomeUITests";
			sourceTree = "<group>";
		};
/* End PBXGroup section */

/* Begin PBXNativeTarget section */
		EE574EFD2BB98D18000F2D40 /* E-TicaretHome */ = {
			isa = PBXNativeTarget;
			buildConfigurationList = EE574F222BB98D19000F2D40 /* Build configuration list for PBXNativeTarget "E-TicaretHome" */;
			buildPhases = (
				EE574EFA2BB98D18000F2D40 /* Sources */,
				EE574EFB2BB98D18000F2D40 /* Frameworks */,
				EE574EFC2BB98D18000F2D40 /* Resources */,
			);
			buildRules = (
			);
			dependencies = (
			);
			name = "E-TicaretHome";
			productName = "E-TicaretHome";
			productReference = EE574EFE2BB98D18000F2D40 /* E-TicaretHome.app */;
			productType = "com.apple.product-type.application";
		};
		EE574F0D2BB98D19000F2D40 /* E-TicaretHomeTests */ = {
			isa = PBXNativeTarget;
			buildConfigurationList = EE574F252BB98D19000F2D40 /* Build configuration list for PBXNativeTarget "E-TicaretHomeTests" */;
			buildPhases = (
				EE574F0A2BB98D19000F2D40 /* Sources */,
				EE574F0B2BB98D19000F2D40 /* Frameworks */,
				EE574F0C2BB98D19000F2D40 /* Resources */,
			);
			buildRules = (
			);
			dependencies = (
				EE574F102BB98D19000F2D40 /* PBXTargetDependency */,
			);
			name = "E-TicaretHomeTests";
			productName = "E-TicaretHomeTests";
			productReference = EE574F0E2BB98D19000F2D40 /* E-TicaretHomeTests.xctest */;
			productType = "com.apple.product-type.bundle.unit-test";
		};
		EE574F172BB98D19000F2D40 /* E-TicaretHomeUITests */ = {
			isa = PBXNativeTarget;
			buildConfigurationList = EE574F282BB98D19000F2D40 /* Build configuration list for PBXNativeTarget "E-TicaretHomeUITests" */;
			buildPhases = (
				EE574F142BB98D19000F2D40 /* Sources */,
				EE574F152BB98D19000F2D40 /* Frameworks */,
				EE574F162BB98D19000F2D40 /* Resources */,
			);
			buildRules = (
			);
			dependencies = (
				EE574F1A2BB98D19000F2D40 /* PBXTargetDependency */,
			);
			name = "E-TicaretHomeUITests";
			productName = "E-TicaretHomeUITests";
			productReference = EE574F182BB98D19000F2D40 /* E-TicaretHomeUITests.xctest */;
			productType = "com.apple.product-type.bundle.ui-testing";
		};
/* End PBXNativeTarget section */

/* Begin PBXProject section */
		EE574EF62BB98D18000F2D40 /* Project object */ = {
			isa = PBXProject;
			attributes = {
				BuildIndependentTargetsInParallel = 1;
				LastSwiftUpdateCheck = 1500;
				LastUpgradeCheck = 1500;
				TargetAttributes = {
					EE574EFD2BB98D18000F2D40 = {
						CreatedOnToolsVersion = 15.0.1;
					};
					EE574F0D2BB98D19000F2D40 = {
						CreatedOnToolsVersion = 15.0.1;
						TestTargetID = EE574EFD2BB98D18000F2D40;
					};
					EE574F172BB98D19000F2D40 = {
						CreatedOnToolsVersion = 15.0.1;
						TestTargetID = EE574EFD2BB98D18000F2D40;
					};
				};
			};
			buildConfigurationList = EE574EF92BB98D18000F2D40 /* Build configuration list for PBXProject "E-TicaretHome" */;
			compatibilityVersion = "Xcode 14.0";
			developmentRegion = en;
			hasScannedForEncodings = 0;
			knownRegions = (
				en,
				Base,
			);
			mainGroup = EE574EF52BB98D18000F2D40;
			productRefGroup = EE574EFF2BB98D18000F2D40 /* Products */;
			projectDirPath = "";
			projectRoot = "";
			targets = (
				EE574EFD2BB98D18000F2D40 /* E-TicaretHome */,
				EE574F0D2BB98D19000F2D40 /* E-TicaretHomeTests */,
				EE574F172BB98D19000F2D40 /* E-TicaretHomeUITests */,
			);
		};
/* End PBXProject section */

/* Begin PBXResourcesBuildPhase section */
		EE574EFC2BB98D18000F2D40 /* Resources */ = {
			isa = PBXResourcesBuildPhase;
			buildActionMask = 2147483647;
			files = (
				EE574F092BB98D19000F2D40 /* Preview Assets.xcassets in Resources */,
				EE574F062BB98D19000F2D40 /* Assets.xcassets in Resources */,
			);
			runOnlyForDeploymentPostprocessing = 0;
		};
		EE574F0C2BB98D19000F2D40 /* Resources */ = {
			isa = PBXResourcesBuildPhase;
			buildActionMask = 2147483647;
			files = (
			);
			runOnlyForDeploymentPostprocessing = 0;
		};
		EE574F162BB98D19000F2D40 /* Resources */ = {
			isa = PBXResourcesBuildPhase;
			buildActionMask = 2147483647;
			files = (
			);
			runOnlyForDeploymentPostprocessing = 0;
		};
/* End PBXResourcesBuildPhase section */

/* Begin PBXSourcesBuildPhase section */
		EE574EFA2BB98D18000F2D40 /* Sources */ = {
			isa = PBXSourcesBuildPhase;
			buildActionMask = 2147483647;
			files = (
				EE574F042BB98D18000F2D40 /* ContentView.swift in Sources */,
				EE574F022BB98D18000F2D40 /* E_TicaretHomeApp.swift in Sources */,
			);
			runOnlyForDeploymentPostprocessing = 0;
		};
		EE574F0A2BB98D19000F2D40 /* Sources */ = {
			isa = PBXSourcesBuildPhase;
			buildActionMask = 2147483647;
			files = (
				EE574F132BB98D19000F2D40 /* E_TicaretHomeTests.swift in Sources */,
			);
			runOnlyForDeploymentPostprocessing = 0;
		};
		EE574F142BB98D19000F2D40 /* Sources */ = {
			isa = PBXSourcesBuildPhase;
			buildActionMask = 2147483647;
			files = (
				EE574F1F2BB98D19000F2D40 /* E_TicaretHomeUITestsLaunchTests.swift in Sources */,
				EE574F1D2BB98D19000F2D40 /* E_TicaretHomeUITests.swift in Sources */,
			);
			runOnlyForDeploymentPostprocessing = 0;
		};
/* End PBXSourcesBuildPhase section */

/* Begin PBXTargetDependency section */
		EE574F102BB98D19000F2D40 /* PBXTargetDependency */ = {
			isa = PBXTargetDependency;
			target = EE574EFD2BB98D18000F2D40 /* E-TicaretHome */;
			targetProxy = EE574F0F2BB98D19000F2D40 /* PBXContainerItemProxy */;
		};
		EE574F1A2BB98D19000F2D40 /* PBXTargetDependency */ = {
			isa = PBXTargetDependency;
			target = EE574EFD2BB98D18000F2D40 /* E-TicaretHome */;
			targetProxy = EE574F192BB98D19000F2D40 /* PBXContainerItemProxy */;
		};
/* End PBXTargetDependency section */

/* Begin XCBuildConfiguration section */
		EE574F202BB98D19000F2D40 /* Debug */ = {
			isa = XCBuildConfiguration;
			buildSettings = {
				ALWAYS_SEARCH_USER_PATHS = NO;
				ASSETCATALOG_COMPILER_GENERATE_SWIFT_ASSET_SYMBOL_EXTENSIONS = YES;
				CLANG_ANALYZER_NONNULL = YES;
				CLANG_ANALYZER_NUMBER_OBJECT_CONVERSION = YES_AGGRESSIVE;
				CLANG_CXX_LANGUAGE_STANDARD = "gnu++20";
				CLANG_ENABLE_MODULES = YES;
				CLANG_ENABLE_OBJC_ARC = YES;
				CLANG_ENABLE_OBJC_WEAK = YES;
				CLANG_WARN_BLOCK_CAPTURE_AUTORELEASING = YES;
				CLANG_WARN_BOOL_CONVERSION = YES;
				CLANG_WARN_COMMA = YES;
				CLANG_WARN_CONSTANT_CONVERSION = YES;
				CLANG_WARN_DEPRECATED_OBJC_IMPLEMENTATIONS = YES;
				CLANG_WARN_DIRECT_OBJC_ISA_USAGE = YES_ERROR;
				CLANG_WARN_DOCUMENTATION_COMMENTS = YES;
				CLANG_WARN_EMPTY_BODY = YES;
				CLANG_WARN_ENUM_CONVERSION = YES;
				CLANG_WARN_INFINITE_RECURSION = YES;
				CLANG_WARN_INT_CONVERSION = YES;
				CLANG_WARN_NON_LITERAL_NULL_CONVERSION = YES;
				CLANG_WARN_OBJC_IMPLICIT_RETAIN_SELF = YES;
				CLANG_WARN_OBJC_LITERAL_CONVERSION = YES;
				CLANG_WARN_OBJC_ROOT_CLASS = YES_ERROR;
				CLANG_WARN_QUOTED_INCLUDE_IN_FRAMEWORK_HEADER = YES;
				CLANG_WARN_RANGE_LOOP_ANALYSIS = YES;
				CLANG_WARN_STRICT_PROTOTYPES = YES;
				CLANG_WARN_SUSPICIOUS_MOVE = YES;
				CLANG_WARN_UNGUARDED_AVAILABILITY = YES_AGGRESSIVE;
				CLANG_WARN_UNREACHABLE_CODE = YES;
				CLANG_WARN__DUPLICATE_METHOD_MATCH = YES;
				COPY_PHASE_STRIP = NO;
				DEBUG_INFORMATION_FORMAT = dwarf;
				ENABLE_STRICT_OBJC_MSGSEND = YES;
				ENABLE_TESTABILITY = YES;
				ENABLE_USER_SCRIPT_SANDBOXING = YES;
				GCC_C_LANGUAGE_STANDARD = gnu17;
				GCC_DYNAMIC_NO_PIC = NO;
				GCC_NO_COMMON_BLOCKS = YES;
				GCC_OPTIMIZATION_LEVEL = 0;
				GCC_PREPROCESSOR_DEFINITIONS = (
					"DEBUG=1",
					"$(inherited)",
				);
				GCC_WARN_64_TO_32_BIT_CONVERSION = YES;
				GCC_WARN_ABOUT_RETURN_TYPE = YES_ERROR;
				GCC_WARN_UNDECLARED_SELECTOR = YES;
				GCC_WARN_UNINITIALIZED_AUTOS = YES_AGGRESSIVE;
				GCC_WARN_UNUSED_FUNCTION = YES;
				GCC_WARN_UNUSED_VARIABLE = YES;
				IPHONEOS_DEPLOYMENT_TARGET = 17.0;
				LOCALIZATION_PREFERS_STRING_CATALOGS = YES;
				MTL_ENABLE_DEBUG_INFO = INCLUDE_SOURCE;
				MTL_FAST_MATH = YES;
				ONLY_ACTIVE_ARCH = YES;
				SDKROOT = iphoneos;
				SWIFT_ACTIVE_COMPILATION_CONDITIONS = "DEBUG $(inherited)";
				SWIFT_OPTIMIZATION_LEVEL = "-Onone";
			};
			name = Debug;
		};
		EE574F212BB98D19000F2D40 /* Release */ = {
			isa = XCBuildConfiguration;
			buildSettings = {
				ALWAYS_SEARCH_USER_PATHS = NO;
				ASSETCATALOG_COMPILER_GENERATE_SWIFT_ASSET_SYMBOL_EXTENSIONS = YES;
				CLANG_ANALYZER_NONNULL = YES;
				CLANG_ANALYZER_NUMBER_OBJECT_CONVERSION = YES_AGGRESSIVE;
				CLANG_CXX_LANGUAGE_STANDARD = "gnu++20";
				CLANG_ENABLE_MODULES = YES;
				CLANG_ENABLE_OBJC_ARC = YES;
				CLANG_ENABLE_OBJC_WEAK = YES;
				CLANG_WARN_BLOCK_CAPTURE_AUTORELEASING = YES;
				CLANG_WARN_BOOL_CONVERSION = YES;
				CLANG_WARN_COMMA = YES;
				CLANG_WARN_CONSTANT_CONVERSION = YES;
				CLANG_WARN_DEPRECATED_OBJC_IMPLEMENTATIONS = YES;
				CLANG_WARN_DIRECT_OBJC_ISA_USAGE = YES_ERROR;
				CLANG_WARN_DOCUMENTATION_COMMENTS = YES;
				CLANG_WARN_EMPTY_BODY = YES;
				CLANG_WARN_ENUM_CONVERSION = YES;
				CLANG_WARN_INFINITE_RECURSION = YES;
				CLANG_WARN_INT_CONVERSION = YES;
				CLANG_WARN_NON_LITERAL_NULL_CONVERSION = YES;
				CLANG_WARN_OBJC_IMPLICIT_RETAIN_SELF = YES;
				CLANG_WARN_OBJC_LITERAL_CONVERSION = YES;
				CLANG_WARN_OBJC_ROOT_CLASS = YES_ERROR;
				CLANG_WARN_QUOTED_INCLUDE_IN_FRAMEWORK_HEADER = YES;
				CLANG_WARN_RANGE_LOOP_ANALYSIS = YES;
				CLANG_WARN_STRICT_PROTOTYPES = YES;
				CLANG_WARN_SUSPICIOUS_MOVE = YES;
				CLANG_WARN_UNGUARDED_AVAILABILITY = YES_AGGRESSIVE;
				CLANG_WARN_UNREACHABLE_CODE = YES;
				CLANG_WARN__DUPLICATE_METHOD_MATCH = YES;
				COPY_PHASE_STRIP = NO;
				DEBUG_INFORMATION_FORMAT = "dwarf-with-dsym";
				ENABLE_NS_ASSERTIONS = NO;
				ENABLE_STRICT_OBJC_MSGSEND = YES;
				ENABLE_USER_SCRIPT_SANDBOXING = YES;
				GCC_C_LANGUAGE_STANDARD = gnu17;
				GCC_NO_COMMON_BLOCKS = YES;
				GCC_WARN_64_TO_32_BIT_CONVERSION = YES;
				GCC_WARN_ABOUT_RETURN_TYPE = YES_ERROR;
				GCC_WARN_UNDECLARED_SELECTOR = YES;
				GCC_WARN_UNINITIALIZED_AUTOS = YES_AGGRESSIVE;
				GCC_WARN_UNUSED_FUNCTION = YES;
				GCC_WARN_UNUSED_VARIABLE = YES;
				IPHONEOS_DEPLOYMENT_TARGET = 17.0;
				LOCALIZATION_PREFERS_STRING_CATALOGS = YES;
				MTL_ENABLE_DEBUG_INFO = NO;
				MTL_FAST_MATH = YES;
				SDKROOT = iphoneos;
				SWIFT_COMPILATION_MODE = wholemodule;
				VALIDATE_PRODUCT = YES;
			};
			name = Release;
		};
		EE574F232BB98D19000F2D40 /* Debug */ = {
			isa = XCBuildConfiguration;
			buildSettings = {
				ASSETCATALOG_COMPILER_APPICON_NAME = AppIcon;
				ASSETCATALOG_COMPILER_GLOBAL_ACCENT_COLOR_NAME = AccentColor;
				CODE_SIGN_STYLE = Automatic;
				CURRENT_PROJECT_VERSION = 1;
				DEVELOPMENT_ASSET_PATHS = "\"E-TicaretHome/Preview Content\"";
				DEVELOPMENT_TEAM = 85ASU83XHG;
				ENABLE_PREVIEWS = YES;
				GENERATE_INFOPLIST_FILE = YES;
				INFOPLIST_KEY_UIApplicationSceneManifest_Generation = YES;
				INFOPLIST_KEY_UIApplicationSupportsIndirectInputEvents = YES;
				INFOPLIST_KEY_UILaunchScreen_Generation = YES;
				INFOPLIST_KEY_UISupportedInterfaceOrientations_iPad = "UIInterfaceOrientationPortrait UIInterfaceOrientationPortraitUpsideDown UIInterfaceOrientationLandscapeLeft UIInterfaceOrientationLandscapeRight";
				INFOPLIST_KEY_UISupportedInterfaceOrientations_iPhone = "UIInterfaceOrientationPortrait UIInterfaceOrientationLandscapeLeft UIInterfaceOrientationLandscapeRight";
				IPHONEOS_DEPLOYMENT_TARGET = 15.0;
				LD_RUNPATH_SEARCH_PATHS = (
					"$(inherited)",
					"@executable_path/Frameworks",
				);
				MARKETING_VERSION = 1.0;
				PRODUCT_BUNDLE_IDENTIFIER = "doguner.com.E-TicaretHome";
				PRODUCT_NAME = "$(TARGET_NAME)";
				SWIFT_EMIT_LOC_STRINGS = YES;
				SWIFT_VERSION = 5.0;
				TARGETED_DEVICE_FAMILY = "1,2";
			};
			name = Debug;
		};
		EE574F242BB98D19000F2D40 /* Release */ = {
			isa = XCBuildConfiguration;
			buildSettings = {
				ASSETCATALOG_COMPILER_APPICON_NAME = AppIcon;
				ASSETCATALOG_COMPILER_GLOBAL_ACCENT_COLOR_NAME = AccentColor;
				CODE_SIGN_STYLE = Automatic;
				CURRENT_PROJECT_VERSION = 1;
				DEVELOPMENT_ASSET_PATHS = "\"E-TicaretHome/Preview Content\"";
				DEVELOPMENT_TEAM = 85ASU83XHG;
				ENABLE_PREVIEWS = YES;
				GENERATE_INFOPLIST_FILE = YES;
				INFOPLIST_KEY_UIApplicationSceneManifest_Generation = YES;
				INFOPLIST_KEY_UIApplicationSupportsIndirectInputEvents = YES;
				INFOPLIST_KEY_UILaunchScreen_Generation = YES;
				INFOPLIST_KEY_UISupportedInterfaceOrientations_iPad = "UIInterfaceOrientationPortrait UIInterfaceOrientationPortraitUpsideDown UIInterfaceOrientationLandscapeLeft UIInterfaceOrientationLandscapeRight";
				INFOPLIST_KEY_UISupportedInterfaceOrientations_iPhone = "UIInterfaceOrientationPortrait UIInterfaceOrientationLandscapeLeft UIInterfaceOrientationLandscapeRight";
				IPHONEOS_DEPLOYMENT_TARGET = 15.0;
				LD_RUNPATH_SEARCH_PATHS = (
					"$(inherited)",
					"@executable_path/Frameworks",
				);
				MARKETING_VERSION = 1.0;
				PRODUCT_BUNDLE_IDENTIFIER = "doguner.com.E-TicaretHome";
				PRODUCT_NAME = "$(TARGET_NAME)";
				SWIFT_EMIT_LOC_STRINGS = YES;
				SWIFT_VERSION = 5.0;
				TARGETED_DEVICE_FAMILY = "1,2";
			};
			name = Release;
		};
		EE574F262BB98D19000F2D40 /* Debug */ = {
			isa = XCBuildConfiguration;
			buildSettings = {
				ALWAYS_EMBED_SWIFT_STANDARD_LIBRARIES = YES;
				BUNDLE_LOADER = "$(TEST_HOST)";
				CODE_SIGN_STYLE = Automatic;
				CURRENT_PROJECT_VERSION = 1;
				DEVELOPMENT_TEAM = 85ASU83XHG;
				GENERATE_INFOPLIST_FILE = YES;
				IPHONEOS_DEPLOYMENT_TARGET = 17.0;
				MARKETING_VERSION = 1.0;
				PRODUCT_BUNDLE_IDENTIFIER = "doguner.com.E-TicaretHomeTests";
				PRODUCT_NAME = "$(TARGET_NAME)";
				SWIFT_EMIT_LOC_STRINGS = NO;
				SWIFT_VERSION = 5.0;
				TARGETED_DEVICE_FAMILY = "1,2";
				TEST_HOST = "$(BUILT_PRODUCTS_DIR)/E-TicaretHome.app/$(BUNDLE_EXECUTABLE_FOLDER_PATH)/E-TicaretHome";
			};
			name = Debug;
		};
		EE574F272BB98D19000F2D40 /* Release */ = {
			isa = XCBuildConfiguration;
			buildSettings = {
				ALWAYS_EMBED_SWIFT_STANDARD_LIBRARIES = YES;
				BUNDLE_LOADER = "$(TEST_HOST)";
				CODE_SIGN_STYLE = Automatic;
				CURRENT_PROJECT_VERSION = 1;
				DEVELOPMENT_TEAM = 85ASU83XHG;
				GENERATE_INFOPLIST_FILE = YES;
				IPHONEOS_DEPLOYMENT_TARGET = 17.0;
				MARKETING_VERSION = 1.0;
				PRODUCT_BUNDLE_IDENTIFIER = "doguner.com.E-TicaretHomeTests";
				PRODUCT_NAME = "$(TARGET_NAME)";
				SWIFT_EMIT_LOC_STRINGS = NO;
				SWIFT_VERSION = 5.0;
				TARGETED_DEVICE_FAMILY = "1,2";
				TEST_HOST = "$(BUILT_PRODUCTS_DIR)/E-TicaretHome.app/$(BUNDLE_EXECUTABLE_FOLDER_PATH)/E-TicaretHome";
			};
			name = Release;
		};
		EE574F292BB98D19000F2D40 /* Debug */ = {
			isa = XCBuildConfiguration;
			buildSettings = {
				ALWAYS_EMBED_SWIFT_STANDARD_LIBRARIES = YES;
				CODE_SIGN_STYLE = Automatic;
				CURRENT_PROJECT_VERSION = 1;
				DEVELOPMENT_TEAM = 85ASU83XHG;
				GENERATE_INFOPLIST_FILE = YES;
				MARKETING_VERSION = 1.0;
				PRODUCT_BUNDLE_IDENTIFIER = "doguner.com.E-TicaretHomeUITests";
				PRODUCT_NAME = "$(TARGET_NAME)";
				SWIFT_EMIT_LOC_STRINGS = NO;
				SWIFT_VERSION = 5.0;
				TARGETED_DEVICE_FAMILY = "1,2";
				TEST_TARGET_NAME = "E-TicaretHome";
			};
			name = Debug;
		};
		EE574F2A2BB98D19000F2D40 /* Release */ = {
			isa = XCBuildConfiguration;
			buildSettings = {
				ALWAYS_EMBED_SWIFT_STANDARD_LIBRARIES = YES;
				CODE_SIGN_STYLE = Automatic;
				CURRENT_PROJECT_VERSION = 1;
				DEVELOPMENT_TEAM = 85ASU83XHG;
				GENERATE_INFOPLIST_FILE = YES;
				MARKETING_VERSION = 1.0;
				PRODUCT_BUNDLE_IDENTIFIER = "doguner.com.E-TicaretHomeUITests";
				PRODUCT_NAME = "$(TARGET_NAME)";
				SWIFT_EMIT_LOC_STRINGS = NO;
				SWIFT_VERSION = 5.0;
				TARGETED_DEVICE_FAMILY = "1,2";
				TEST_TARGET_NAME = "E-TicaretHome";
			};
			name = Release;
		};
/* End XCBuildConfiguration section */

/* Begin XCConfigurationList section */
		EE574EF92BB98D18000F2D40 /* Build configuration list for PBXProject "E-TicaretHome" */ = {
			isa = XCConfigurationList;
			buildConfigurations = (
				EE574F202BB98D19000F2D40 /* Debug */,
				EE574F212BB98D19000F2D40 /* Release */,
			);
			defaultConfigurationIsVisible = 0;
			defaultConfigurationName = Release;
		};
		EE574F222BB98D19000F2D40 /* Build configuration list for PBXNativeTarget "E-TicaretHome" */ = {
			isa = XCConfigurationList;
			buildConfigurations = (
				EE574F232BB98D19000F2D40 /* Debug */,
				EE574F242BB98D19000F2D40 /* Release */,
			);
			defaultConfigurationIsVisible = 0;
			defaultConfigurationName = Release;
		};
		EE574F252BB98D19000F2D40 /* Build configuration list for PBXNativeTarget "E-TicaretHomeTests" */ = {
			isa = XCConfigurationList;
			buildConfigurations = (
				EE574F262BB98D19000F2D40 /* Debug */,
				EE574F272BB98D19000F2D40 /* Release */,
			);
			defaultConfigurationIsVisible = 0;
			defaultConfigurationName = Release;
		};
		EE574F282BB98D19000F2D40 /* Build configuration list for PBXNativeTarget "E-TicaretHomeUITests" */ = {
			isa = XCConfigurationList;
			buildConfigurations = (
				EE574F292BB98D19000F2D40 /* Debug */,
				EE574F2A2BB98D19000F2D40 /* Release */,
			);
			defaultConfigurationIsVisible = 0;
			defaultConfigurationName = Release;
		};
/* End XCConfigurationList section */
	};
	rootObject = EE574EF62BB98D18000F2D40 /* Project object */;
}
